
Microsoft Visual Studio Solution File, Format Version 12.00
# Visual Studio Version 16
VisualStudioVersion = 16.0.30320.27
MinimumVisualStudioVersion = 10.0.40219.1
Project("{FAE04EC0-301F-11D3-BF4B-00C04F79EFBC}") = "assignment", "assignment.csproj", "{D39C6BF2-F23B-45C5-96EE-84EC453C8A8E}"
EndProject
Project("{2150E333-8FDC-42A3-9474-1A3956D46DE8}") = "Solution Items", "Solution Items", "{53CCF666-4A47-41C9-BD3D-313517817D41}"
	ProjectSection(SolutionItems) = preProject
		.editorconfig = .editorconfig
	EndProjectSection
EndProject
Global
	GlobalSection(SolutionConfigurationPlatforms) = preSolution
		Debug|Any CPU = Debug|Any CPU
		Release|Any CPU = Release|Any CPU
	EndGlobalSection
	GlobalSection(ProjectConfigurationPlatforms) = postSolution
		{D39C6BF2-F23B-45C5-96EE-84EC453C8A8E}.Debug|Any CPU.ActiveCfg = Debug|Any CPU
		{D39C6BF2-F23B-45C5-96EE-84EC453C8A8E}.Debug|Any CPU.Build.0 = Debug|Any CPU
		{D39C6BF2-F23B-45C5-96EE-84EC453C8A8E}.Release|Any CPU.ActiveCfg = Release|Any CPU
		{D39C6BF2-F23B-45C5-96EE-84EC453C8A8E}.Release|Any CPU.Build.0 = Release|Any CPU
	EndGlobalSection
	GlobalSection(SolutionProperties) = preSolution
		HideSolutionNode = FALSE
	EndGlobalSection
	GlobalSection(ExtensibilityGlobals) = postSolution
		SolutionGuid = {68A9CC6F-DAC7-4A7F-96B6-AB3CB9A20BC8}
	EndGlobalSection
EndGlobal
